
Microsoft Visual Studio Solution File, Format Version 12.00
# Visual Studio Version 16
VisualStudioVersion = 16.0.31025.194
MinimumVisualStudioVersion = 10.0.40219.1
Project("{FAE04EC0-301F-11D3-BF4B-00C04F79EFBC}") = "DtronixHash", "DtronixHash\DtronixHash.csproj", "{7F03F859-76E5-4FA6-9EC7-5A18AD5FE601}"
EndProject
Project("{FAE04EC0-301F-11D3-BF4B-00C04F79EFBC}") = "DtronixHash.Tests", "DtronixHash.Tests\DtronixHash.Tests.csproj", "{1B0F04FF-2086-40E7-B363-4AD4B47D261B}"
EndProject
Project("{FAE04EC0-301F-11D3-BF4B-00C04F79EFBC}") = "DtronixHash.Benchmarks", "DtronixHash.Benchmarks\DtronixHash.Benchmarks.csproj", "{62FEF085-775C-4EA6-9B6D-45F51FE500E6}"
EndProject
Global
	GlobalSection(SolutionConfigurationPlatforms) = preSolution
		Debug|Any CPU = Debug|Any CPU
		Release|Any CPU = Release|Any CPU
	EndGlobalSection
	GlobalSection(ProjectConfigurationPlatforms) = postSolution
		{7F03F859-76E5-4FA6-9EC7-5A18AD5FE601}.Debug|Any CPU.ActiveCfg = Debug|Any CPU
		{7F03F859-76E5-4FA6-9EC7-5A18AD5FE601}.Debug|Any CPU.Build.0 = Debug|Any CPU
		{7F03F859-76E5-4FA6-9EC7-5A18AD5FE601}.Release|Any CPU.ActiveCfg = Release|Any CPU
		{7F03F859-76E5-4FA6-9EC7-5A18AD5FE601}.Release|Any CPU.Build.0 = Release|Any CPU
		{1B0F04FF-2086-40E7-B363-4AD4B47D261B}.Debug|Any CPU.ActiveCfg = Debug|Any CPU
		{1B0F04FF-2086-40E7-B363-4AD4B47D261B}.Debug|Any CPU.Build.0 = Debug|Any CPU
		{1B0F04FF-2086-40E7-B363-4AD4B47D261B}.Release|Any CPU.ActiveCfg = Release|Any CPU
		{1B0F04FF-2086-40E7-B363-4AD4B47D261B}.Release|Any CPU.Build.0 = Release|Any CPU
		{62FEF085-775C-4EA6-9B6D-45F51FE500E6}.Debug|Any CPU.ActiveCfg = Debug|Any CPU
		{62FEF085-775C-4EA6-9B6D-45F51FE500E6}.Debug|Any CPU.Build.0 = Debug|Any CPU
		{62FEF085-775C-4EA6-9B6D-45F51FE500E6}.Release|Any CPU.ActiveCfg = Release|Any CPU
		{62FEF085-775C-4EA6-9B6D-45F51FE500E6}.Release|Any CPU.Build.0 = Release|Any CPU
	EndGlobalSection
	GlobalSection(SolutionProperties) = preSolution
		HideSolutionNode = FALSE
	EndGlobalSection
	GlobalSection(ExtensibilityGlobals) = postSolution
		SolutionGuid = {DC1E79A6-302C-4BD0-8A30-AAA0B77BA0BC}
	EndGlobalSection
EndGlobal
